<?xml version="1.0" encoding="utf-8"?>
<Project ToolsVersion="4.0" xmlns="http://schemas.microsoft.com/developer/msbuild/2003">
  <ItemGroup>
    <Filter Include="Source Files">
      <UniqueIdentifier>{4FC737F1-C7A5-4376-A066-2A32D752A2FF}</UniqueIdentifier>
      <Extensions>cpp;c;cxx;def;odl;idl;hpj;bat;asm;asmx</Extensions>
    </Filter>
    <Filter Include="Header Files">
      <UniqueIdentifier>{93995380-89BD-4b04-88EB-625FBE52EBFB}</UniqueIdentifier>
      <Extensions>h;hpp;hxx;hm;inl;inc;xsd</Extensions>
    </Filter>
  </ItemGroup>
  <ItemGroup>
    <ClCompile Include="..\..\dep\src\zthread\AtomicCount.cxx">
      <Filter>Source Files</Filter>
    </ClCompile>
    <ClCompile Include="..\..\dep\src\zthread\ConcurrentExecutor.cxx">
      <Filter>Source Files</Filter>
    </ClCompile>
    <ClCompile Include="..\..\dep\src\zthread\Condition.cxx">
      <Filter>Source Files</Filter>
    </ClCompile>
    <ClCompile Include="..\..\dep\src\zthread\CountingSemaphore.cxx">
      <Filter>Source Files</Filter>
    </ClCompile>
    <ClCompile Include="..\..\dep\src\zthread\FastMutex.cxx">
      <Filter>Source Files</Filter>
    </ClCompile>
    <ClCompile Include="..\..\dep\src\zthread\FastRecursiveMutex.cxx">
      <Filter>Source Files</Filter>
    </ClCompile>
    <ClCompile Include="..\..\dep\src\zthread\Monitor.cxx">
      <Filter>Source Files</Filter>
    </ClCompile>
    <ClCompile Include="..\..\dep\src\zthread\Mutex.cxx">
      <Filter>Source Files</Filter>
    </ClCompile>
    <ClCompile Include="..\..\dep\src\zthread\PoolExecutor.cxx">
      <Filter>Source Files</Filter>
    </ClCompile>
    <ClCompile Include="..\..\dep\src\zthread\PriorityCondition.cxx">
      <Filter>Source Files</Filter>
    </ClCompile>
    <ClCompile Include="..\..\dep\src\zthread\PriorityInheritanceMutex.cxx">
      <Filter>Source Files</Filter>
    </ClCompile>
    <ClCompile Include="..\..\dep\src\zthread\PriorityMutex.cxx">
      <Filter>Source Files</Filter>
    </ClCompile>
    <ClCompile Include="..\..\dep\src\zthread\PrioritySemaphore.cxx">
      <Filter>Source Files</Filter>
    </ClCompile>
    <ClCompile Include="..\..\dep\src\zthread\RecursiveMutex.cxx">
      <Filter>Source Files</Filter>
    </ClCompile>
    <ClCompile Include="..\..\dep\src\zthread\RecursiveMutexImpl.cxx">
      <Filter>Source Files</Filter>
    </ClCompile>
    <ClCompile Include="..\..\dep\src\zthread\Semaphore.cxx">
      <Filter>Source Files</Filter>
    </ClCompile>
    <ClCompile Include="..\..\dep\src\zthread\SynchronousExecutor.cxx">
      <Filter>Source Files</Filter>
    </ClCompile>
    <ClCompile Include="..\..\dep\src\zthread\Thread.cxx">
      <Filter>Source Files</Filter>
    </ClCompile>
    <ClCompile Include="..\..\dep\src\zthread\ThreadedExecutor.cxx">
      <Filter>Source Files</Filter>
    </ClCompile>
    <ClCompile Include="..\..\dep\src\zthread\ThreadImpl.cxx">
      <Filter>Source Files</Filter>
    </ClCompile>
    <ClCompile Include="..\..\dep\src\zthread\ThreadLocalImpl.cxx">
      <Filter>Source Files</Filter>
    </ClCompile>
    <ClCompile Include="..\..\dep\src\zthread\ThreadOps.cxx">
      <Filter>Source Files</Filter>
    </ClCompile>
    <ClCompile Include="..\..\dep\src\zthread\ThreadQueue.cxx">
      <Filter>Source Files</Filter>
    </ClCompile>
    <ClCompile Include="..\..\dep\src\zthread\Time.cxx">
      <Filter>Source Files</Filter>
    </ClCompile>
  </ItemGroup>
  <ItemGroup>
    <ClInclude Include="..\..\dep\src\zthread\ConditionImpl.h">
      <Filter>Source Files</Filter>
    </ClInclude>
    <ClInclude Include="..\..\dep\src\zthread\config.h">
      <Filter>Source Files</Filter>
    </ClInclude>
    <ClInclude Include="..\..\dep\src\zthread\Debug.h">
      <Filter>Source Files</Filter>
    </ClInclude>
    <ClInclude Include="..\..\dep\src\zthread\DeferredInterruptionScope.h">
      <Filter>Source Files</Filter>
    </ClInclude>
    <ClInclude Include="..\..\dep\src\zthread\FastLock.h">
      <Filter>Source Files</Filter>
    </ClInclude>
    <ClInclude Include="..\..\dep\src\zthread\FastRecursiveLock.h">
      <Filter>Source Files</Filter>
    </ClInclude>
    <ClInclude Include="..\..\dep\src\zthread\IntrusivePtr.h">
      <Filter>Source Files</Filter>
    </ClInclude>
    <ClInclude Include="..\..\dep\src\zthread\Monitor.h">
      <Filter>Source Files</Filter>
    </ClInclude>
    <ClInclude Include="..\..\dep\src\zthread\MutexImpl.h">
      <Filter>Source Files</Filter>
    </ClInclude>
    <ClInclude Include="..\..\dep\src\zthread\RecursiveMutexImpl.h">
      <Filter>Source Files</Filter>
    </ClInclude>
    <ClInclude Include="..\..\dep\src\zthread\Scheduling.h">
      <Filter>Source Files</Filter>
    </ClInclude>
    <ClInclude Include="..\..\dep\src\zthread\SemaphoreImpl.h">
      <Filter>Source Files</Filter>
    </ClInclude>
    <ClInclude Include="..\..\dep\src\zthread\State.h">
      <Filter>Source Files</Filter>
    </ClInclude>
    <ClInclude Include="..\..\dep\src\zthread\Status.h">
      <Filter>Source Files</Filter>
    </ClInclude>
    <ClInclude Include="..\..\dep\src\zthread\ThreadImpl.h">
      <Filter>Source Files</Filter>
    </ClInclude>
    <ClInclude Include="..\..\dep\src\zthread\ThreadOps.h">
      <Filter>Source Files</Filter>
    </ClInclude>
    <ClInclude Include="..\..\dep\src\zthread\ThreadQueue.h">
      <Filter>Source Files</Filter>
    </ClInclude>
    <ClInclude Include="..\..\dep\src\zthread\TimeStrategy.h">
      <Filter>Source Files</Filter>
    </ClInclude>
    <ClInclude Include="..\..\dep\src\zthread\TSS.h">
      <Filter>Source Files</Filter>
    </ClInclude>
    <ClInclude Include="..\..\dep\include\zthread\AtomicCount.h">
      <Filter>Header Files</Filter>
    </ClInclude>
    <ClInclude Include="..\..\dep\include\zthread\Barrier.h">
      <Filter>Header Files</Filter>
    </ClInclude>
    <ClInclude Include="..\..\dep\include\zthread\BiasedReadWriteLock.h">
      <Filter>Header Files</Filter>
    </ClInclude>
    <ClInclude Include="..\..\dep\include\zthread\BlockingQueue.h">
      <Filter>Header Files</Filter>
    </ClInclude>
    <ClInclude Include="..\..\dep\include\zthread\BoundedQueue.h">
      <Filter>Header Files</Filter>
    </ClInclude>
    <ClInclude Include="..\..\dep\include\zthread\Cancelable.h">
      <Filter>Header Files</Filter>
    </ClInclude>
    <ClInclude Include="..\..\dep\include\zthread\ClassLockable.h">
      <Filter>Header Files</Filter>
    </ClInclude>
    <ClInclude Include="..\..\dep\include\zthread\ConcurrentExecutor.h">
      <Filter>Header Files</Filter>
    </ClInclude>
    <ClInclude Include="..\..\dep\include\zthread\Condition.h">
      <Filter>Header Files</Filter>
    </ClInclude>
    <ClInclude Include="..\..\dep\include\zthread\Config.h">
      <Filter>Header Files</Filter>
    </ClInclude>
    <ClInclude Include="..\..\dep\include\zthread\CountedPtr.h">
      <Filter>Header Files</Filter>
    </ClInclude>
    <ClInclude Include="..\..\dep\include\zthread\CountingSemaphore.h">
      <Filter>Header Files</Filter>
    </ClInclude>
    <ClInclude Include="..\..\dep\include\zthread\Exceptions.h">
      <Filter>Header Files</Filter>
    </ClInclude>
    <ClInclude Include="..\..\dep\include\zthread\Executor.h">
      <Filter>Header Files</Filter>
    </ClInclude>
    <ClInclude Include="..\..\dep\include\zthread\FairReadWriteLock.h">
      <Filter>Header Files</Filter>
    </ClInclude>
    <ClInclude Include="..\..\dep\include\zthread\FastMutex.h">
      <Filter>Header Files</Filter>
    </ClInclude>
    <ClInclude Include="..\..\dep\include\zthread\FastRecursiveMutex.h">
      <Filter>Header Files</Filter>
    </ClInclude>
    <ClInclude Include="..\..\dep\include\zthread\Guard.h">
      <Filter>Header Files</Filter>
    </ClInclude>
    <ClInclude Include="..\..\dep\include\zthread\GuardedClass.h">
      <Filter>Header Files</Filter>
    </ClInclude>
    <ClInclude Include="..\..\dep\include\zthread\Lockable.h">
      <Filter>Header Files</Filter>
    </ClInclude>
    <ClInclude Include="..\..\dep\include\zthread\LockedQueue.h">
      <Filter>Header Files</Filter>
    </ClInclude>
    <ClInclude Include="..\..\dep\include\zthread\MonitoredQueue.h">
      <Filter>Header Files</Filter>
    </ClInclude>
    <ClInclude Include="..\..\dep\include\zthread\Mutex.h">
      <Filter>Header Files</Filter>
    </ClInclude>
    <ClInclude Include="..\..\dep\include\zthread\NonCopyable.h">
      <Filter>Header Files</Filter>
    </ClInclude>
    <ClInclude Include="..\..\dep\include\zthread\PoolExecutor.h">
      <Filter>Header Files</Filter>
    </ClInclude>
    <ClInclude Include="..\..\dep\include\zthread\Priority.h">
      <Filter>Header Files</Filter>
    </ClInclude>
    <ClInclude Include="..\..\dep\include\zthread\PriorityCondition.h">
      <Filter>Header Files</Filter>
    </ClInclude>
    <ClInclude Include="..\..\dep\include\zthread\PriorityInheritanceMutex.h">
      <Filter>Header Files</Filter>
    </ClInclude>
    <ClInclude Include="..\..\dep\include\zthread\PriorityMutex.h">
      <Filter>Header Files</Filter>
    </ClInclude>
    <ClInclude Include="..\..\dep\include\zthread\PrioritySemaphore.h">
      <Filter>Header Files</Filter>
    </ClInclude>
    <ClInclude Include="..\..\dep\include\zthread\Queue.h">
      <Filter>Header Files</Filter>
    </ClInclude>
    <ClInclude Include="..\..\dep\include\zthread\ReadWriteLock.h">
      <Filter>Header Files</Filter>
    </ClInclude>
    <ClInclude Include="..\..\dep\include\zthread\RecursiveMutex.h">
      <Filter>Header Files</Filter>
    </ClInclude>
    <ClInclude Include="..\..\dep\include\zthread\Runnable.h">
      <Filter>Header Files</Filter>
    </ClInclude>
    <ClInclude Include="..\..\dep\include\zthread\Semaphore.h">
      <Filter>Header Files</Filter>
    </ClInclude>
    <ClInclude Include="..\..\dep\include\zthread\Singleton.h">
      <Filter>Header Files</Filter>
    </ClInclude>
    <ClInclude Include="..\..\dep\include\zthread\SynchronousExecutor.h">
      <Filter>Header Files</Filter>
    </ClInclude>
    <ClInclude Include="..\..\dep\include\zthread\Task.h">
      <Filter>Header Files</Filter>
    </ClInclude>
    <ClInclude Include="..\..\dep\include\zthread\Thread.h">
      <Filter>Header Files</Filter>
    </ClInclude>
    <ClInclude Include="..\..\dep\include\zthread\ThreadedExecutor.h">
      <Filter>Header Files</Filter>
    </ClInclude>
    <ClInclude Include="..\..\dep\include\zthread\ThreadLocal.h">
      <Filter>Header Files</Filter>
    </ClInclude>
    <ClInclude Include="..\..\dep\include\zthread\ThreadLocalImpl.h">
      <Filter>Header Files</Filter>
    </ClInclude>
    <ClInclude Include="..\..\dep\include\zthread\Time.h">
      <Filter>Header Files</Filter>
    </ClInclude>
    <ClInclude Include="..\..\dep\include\zthread\Waitable.h">
      <Filter>Header Files</Filter>
    </ClInclude>
    <ClInclude Include="..\..\dep\include\zthread\ZThread.h">
      <Filter>Header Files</Filter>
    </ClInclude>
  </ItemGroup>
</Project>